// !$*UTF8*$!
{
	archiveVersion = 1;
	classes = {
	};
	objectVersion = 46;
	objects = {

/* Begin PBXBuildFile section */
		550D3D4A18EE5879009A9406 /* UITableViewController+StyleSheet.m in Sources */ = {isa = PBXBuildFile; fileRef = 550D3D4918EE5879009A9406 /* UITableViewController+StyleSheet.m */; };
		550D3D5718F1E19F009A9406 /* FISMainTableViewCell.m in Sources */ = {isa = PBXBuildFile; fileRef = 550D3D5618F1E19F009A9406 /* FISMainTableViewCell.m */; };
		550D3D5A18F1E3B6009A9406 /* FISMainViewController.m in Sources */ = {isa = PBXBuildFile; fileRef = 550D3D5918F1E3B6009A9406 /* FISMainViewController.m */; };
		550D3D6018F1EB74009A9406 /* UIColorSheet.m in Sources */ = {isa = PBXBuildFile; fileRef = 550D3D5F18F1EB74009A9406 /* UIColorSheet.m */; };
		550D3D7618F5A7BF009A9406 /* FISStockSearch.m in Sources */ = {isa = PBXBuildFile; fileRef = 550D3D7518F5A7BF009A9406 /* FISStockSearch.m */; };
		550E6F941A8C114F00028270 /* Reachability.m in Sources */ = {isa = PBXBuildFile; fileRef = 550E6F931A8C114F00028270 /* Reachability.m */; };
		55186AA11A37D5E700AD80B2 /* cancel_alerts small.png in Resources */ = {isa = PBXBuildFile; fileRef = 55186AA01A37D5E700AD80B2 /* cancel_alerts small.png */; };
		55186AA31A37DCF300AD80B2 /* un-cancel_alerts small.png in Resources */ = {isa = PBXBuildFile; fileRef = 55186AA21A37DCF300AD80B2 /* un-cancel_alerts small.png */; };
		552E077A1A4E3E92001585A2 /* nav_gradient_blue_title1.png in Resources */ = {isa = PBXBuildFile; fileRef = 552E07791A4E3E92001585A2 /* nav_gradient_blue_title1.png */; };
		553AAF9C1A5F844B00E7F78D /* PageViewController.m in Sources */ = {isa = PBXBuildFile; fileRef = 553AAF9B1A5F844B00E7F78D /* PageViewController.m */; };
		553B64691A6764AA00263AFD /* QAicon_80x80.png in Resources */ = {isa = PBXBuildFile; fileRef = 553B64651A6764AA00263AFD /* QAicon_80x80.png */; };
		553B646A1A6764AA00263AFD /* QAicon1_58x58.png in Resources */ = {isa = PBXBuildFile; fileRef = 553B64661A6764AA00263AFD /* QAicon1_58x58.png */; };
		553B646B1A6764AA00263AFD /* QAicon1_120x120.png in Resources */ = {isa = PBXBuildFile; fileRef = 553B64671A6764AA00263AFD /* QAicon1_120x120.png */; };
		553B646C1A6764AA00263AFD /* QAicon1_180x180.png in Resources */ = {isa = PBXBuildFile; fileRef = 553B64681A6764AA00263AFD /* QAicon1_180x180.png */; };
		553B646F1A68D84100263AFD /* Bolts.framework in Frameworks */ = {isa = PBXBuildFile; fileRef = 553B646D1A68D84100263AFD /* Bolts.framework */; };
		553B64701A68D84200263AFD /* Parse.framework in Frameworks */ = {isa = PBXBuildFile; fileRef = 553B646E1A68D84100263AFD /* Parse.framework */; };
		553B64721A68D89300263AFD /* AudioToolbox.framework in Frameworks */ = {isa = PBXBuildFile; fileRef = 553B64711A68D89300263AFD /* AudioToolbox.framework */; };
		553B64741A68D89D00263AFD /* CFNetwork.framework in Frameworks */ = {isa = PBXBuildFile; fileRef = 553B64731A68D89D00263AFD /* CFNetwork.framework */; };
		553B64761A68D8AA00263AFD /* CoreLocation.framework in Frameworks */ = {isa = PBXBuildFile; fileRef = 553B64751A68D8AA00263AFD /* CoreLocation.framework */; };
		553B64781A68D8B200263AFD /* MobileCoreServices.framework in Frameworks */ = {isa = PBXBuildFile; fileRef = 553B64771A68D8B200263AFD /* MobileCoreServices.framework */; };
		553B647A1A68D8B800263AFD /* QuartzCore.framework in Frameworks */ = {isa = PBXBuildFile; fileRef = 553B64791A68D8B800263AFD /* QuartzCore.framework */; };
		553B647C1A68D8BF00263AFD /* Security.framework in Frameworks */ = {isa = PBXBuildFile; fileRef = 553B647B1A68D8BF00263AFD /* Security.framework */; };
		553B647E1A68D8C400263AFD /* StoreKit.framework in Frameworks */ = {isa = PBXBuildFile; fileRef = 553B647D1A68D8C400263AFD /* StoreKit.framework */; };
		553B64801A68D8CC00263AFD /* SystemConfiguration.framework in Frameworks */ = {isa = PBXBuildFile; fileRef = 553B647F1A68D8CC00263AFD /* SystemConfiguration.framework */; };
		553B64821A68D8D900263AFD /* libz.dylib in Frameworks */ = {isa = PBXBuildFile; fileRef = 553B64811A68D8D900263AFD /* libz.dylib */; };
		553B64841A68D8E500263AFD /* libsqlite3.dylib in Frameworks */ = {isa = PBXBuildFile; fileRef = 553B64831A68D8E500263AFD /* libsqlite3.dylib */; };
		554CB97A1A8B12D1003ADDEE /* tutorialScreen4.png in Resources */ = {isa = PBXBuildFile; fileRef = 554CB9791A8B12D1003ADDEE /* tutorialScreen4.png */; };
		554F22981A5C74C500D52D0A /* Storyboard.storyboard in Resources */ = {isa = PBXBuildFile; fileRef = 554F229A1A5C74C500D52D0A /* Storyboard.storyboard */; };
		5575C72118E0E6E100ABB124 /* Foundation.framework in Frameworks */ = {isa = PBXBuildFile; fileRef = 5575C72018E0E6E100ABB124 /* Foundation.framework */; };
		5575C72318E0E6E100ABB124 /* CoreGraphics.framework in Frameworks */ = {isa = PBXBuildFile; fileRef = 5575C72218E0E6E100ABB124 /* CoreGraphics.framework */; };
		5575C72518E0E6E100ABB124 /* UIKit.framework in Frameworks */ = {isa = PBXBuildFile; fileRef = 5575C72418E0E6E100ABB124 /* UIKit.framework */; };
		5575C72718E0E6E100ABB124 /* CoreData.framework in Frameworks */ = {isa = PBXBuildFile; fileRef = 5575C72618E0E6E100ABB124 /* CoreData.framework */; };
		5575C72D18E0E6E100ABB124 /* InfoPlist.strings in Resources */ = {isa = PBXBuildFile; fileRef = 5575C72B18E0E6E100ABB124 /* InfoPlist.strings */; };
		5575C72F18E0E6E100ABB124 /* main.m in Sources */ = {isa = PBXBuildFile; fileRef = 5575C72E18E0E6E100ABB124 /* main.m */; };
		5575C73318E0E6E100ABB124 /* FISAppDelegate.m in Sources */ = {isa = PBXBuildFile; fileRef = 5575C73218E0E6E100ABB124 /* FISAppDelegate.m */; };
		5575C73618E0E6E100ABB124 /* Quote_Alert.xcdatamodeld in Sources */ = {isa = PBXBuildFile; fileRef = 5575C73418E0E6E100ABB124 /* Quote_Alert.xcdatamodeld */; };
		5575C73818E0E6E100ABB124 /* Images.xcassets in Resources */ = {isa = PBXBuildFile; fileRef = 5575C73718E0E6E100ABB124 /* Images.xcassets */; };
		5575C73F18E0E6E100ABB124 /* XCTest.framework in Frameworks */ = {isa = PBXBuildFile; fileRef = 5575C73E18E0E6E100ABB124 /* XCTest.framework */; };
		5575C74018E0E6E100ABB124 /* Foundation.framework in Frameworks */ = {isa = PBXBuildFile; fileRef = 5575C72018E0E6E100ABB124 /* Foundation.framework */; };
		5575C74118E0E6E100ABB124 /* UIKit.framework in Frameworks */ = {isa = PBXBuildFile; fileRef = 5575C72418E0E6E100ABB124 /* UIKit.framework */; };
		5575C74218E0E6E100ABB124 /* CoreData.framework in Frameworks */ = {isa = PBXBuildFile; fileRef = 5575C72618E0E6E100ABB124 /* CoreData.framework */; };
		5575C74A18E0E6E100ABB124 /* InfoPlist.strings in Resources */ = {isa = PBXBuildFile; fileRef = 5575C74818E0E6E100ABB124 /* InfoPlist.strings */; };
		5575C74C18E0E6E100ABB124 /* Quote_AlertTests.m in Sources */ = {isa = PBXBuildFile; fileRef = 5575C74B18E0E6E100ABB124 /* Quote_AlertTests.m */; };
		5581720A1A4E473C00719567 /* bluenavbar_320x64.png in Resources */ = {isa = PBXBuildFile; fileRef = 558172091A4E473C00719567 /* bluenavbar_320x64.png */; };
		55912D1918E275180069FEEC /* YahooAPIClient.m in Sources */ = {isa = PBXBuildFile; fileRef = 55912D1818E275180069FEEC /* YahooAPIClient.m */; };
		55912D2018E3546D0069FEEC /* FISDataStore.m in Sources */ = {isa = PBXBuildFile; fileRef = 55912D1F18E3546D0069FEEC /* FISDataStore.m */; };
		55912D2318E356A60069FEEC /* Stock+Methods.m in Sources */ = {isa = PBXBuildFile; fileRef = 55912D2218E356A60069FEEC /* Stock+Methods.m */; };
		55912D5518E5C01B0069FEEC /* FISStockDetailViewController.m in Sources */ = {isa = PBXBuildFile; fileRef = 55912D5418E5C01B0069FEEC /* FISStockDetailViewController.m */; };
		55912DA218E9082B0069FEEC /* FISSearchTableViewController.m in Sources */ = {isa = PBXBuildFile; fileRef = 55912DA118E9082B0069FEEC /* FISSearchTableViewController.m */; };
		55912DA818EB63E20069FEEC /* FISSearchTableViewCell.m in Sources */ = {isa = PBXBuildFile; fileRef = 55912DA718EB63E20069FEEC /* FISSearchTableViewCell.m */; };
		559F4ABD1A60691A00FBCFCF /* DoneButton.png in Resources */ = {isa = PBXBuildFile; fileRef = 559F4ABC1A60691A00FBCFCF /* DoneButton.png */; };
		559F4ABF1A606DB500FBCFCF /* bluenavbarlight_320x64.png in Resources */ = {isa = PBXBuildFile; fileRef = 559F4ABE1A606DB500FBCFCF /* bluenavbarlight_320x64.png */; };
		559F4AC51A607C7200FBCFCF /* SetQAbuttonlarge.png in Resources */ = {isa = PBXBuildFile; fileRef = 559F4AC41A607C7200FBCFCF /* SetQAbuttonlarge.png */; };
		559F4AC71A607CBA00FBCFCF /* SetQAbutton.png in Resources */ = {isa = PBXBuildFile; fileRef = 559F4AC61A607CBA00FBCFCF /* SetQAbutton.png */; };
		559F4ACE1A608EF600FBCFCF /* alarmclockbutton_off1.png in Resources */ = {isa = PBXBuildFile; fileRef = 559F4ACC1A608EF600FBCFCF /* alarmclockbutton_off1.png */; };
		559F4ACF1A608EF600FBCFCF /* alarmclockbutton_on1.png in Resources */ = {isa = PBXBuildFile; fileRef = 559F4ACD1A608EF600FBCFCF /* alarmclockbutton_on1.png */; };
		559F4AD61A60ABFE00FBCFCF /*  tiny_alarmicon@2x.png in Resources */ = {isa = PBXBuildFile; fileRef = 559F4AD11A60ABFE00FBCFCF /*  tiny_alarmicon@2x.png */; };
		559F4AD71A60ABFE00FBCFCF /* alarmclockbutton_off1@2x.png in Resources */ = {isa = PBXBuildFile; fileRef = 559F4AD21A60ABFE00FBCFCF /* alarmclockbutton_off1@2x.png */; };
		559F4AD81A60ABFE00FBCFCF /* alarmclockbutton_on1@2x.png in Resources */ = {isa = PBXBuildFile; fileRef = 559F4AD31A60ABFE00FBCFCF /* alarmclockbutton_on1@2x.png */; };
		559F4AD91A60ABFE00FBCFCF /* donebutton@2x.png in Resources */ = {isa = PBXBuildFile; fileRef = 559F4AD41A60ABFE00FBCFCF /* donebutton@2x.png */; };
		559F4ADA1A60ABFE00FBCFCF /* SetQAbuttonlarge@2x.png in Resources */ = {isa = PBXBuildFile; fileRef = 559F4AD51A60ABFE00FBCFCF /* SetQAbuttonlarge@2x.png */; };
		559F4ADF1A60B10800FBCFCF /* tutorialScreen1.png in Resources */ = {isa = PBXBuildFile; fileRef = 559F4ADB1A60B10800FBCFCF /* tutorialScreen1.png */; };
		559F4AE01A60B10800FBCFCF /* tutorialScreen2.png in Resources */ = {isa = PBXBuildFile; fileRef = 559F4ADC1A60B10800FBCFCF /* tutorialScreen2.png */; };
		559F4AE11A60B10800FBCFCF /* tutorialScreen3.png in Resources */ = {isa = PBXBuildFile; fileRef = 559F4ADD1A60B10800FBCFCF /* tutorialScreen3.png */; };
		55CA536F1901B8C2000E2A1E /* searchView.xib in Resources */ = {isa = PBXBuildFile; fileRef = 55CA536E1901B8C2000E2A1E /* searchView.xib */; };
		55F66ED4190710BF000EFD3B /* Stock.m in Sources */ = {isa = PBXBuildFile; fileRef = 55F66ED3190710BF000EFD3B /* Stock.m */; };
		63DC8204C6874F38BD06C8F4 /* libPods.a in Frameworks */ = {isa = PBXBuildFile; fileRef = 92968B8F8C494D1EAF8A35DD /* libPods.a */; };
		798B8CBC1A60767300483FF6 /* TutorialViewController4.m in Sources */ = {isa = PBXBuildFile; fileRef = 798B8CBB1A60767300483FF6 /* TutorialViewController4.m */; };
		79C2AF891A0D4A2200E666E4 /* tiny_alarmicon.png in Resources */ = {isa = PBXBuildFile; fileRef = 79C2AF881A0D4A2200E666E4 /* tiny_alarmicon.png */; };
/* End PBXBuildFile section */

/* Begin PBXContainerItemProxy section */
		5575C74318E0E6E100ABB124 /* PBXContainerItemProxy */ = {
			isa = PBXContainerItemProxy;
			containerPortal = 5575C71518E0E6E100ABB124 /* Project object */;
			proxyType = 1;
			remoteGlobalIDString = 5575C71C18E0E6E100ABB124;
			remoteInfo = "Quote Alert";
		};
/* End PBXContainerItemProxy section */

/* Begin PBXFileReference section */
		550D3D4818EE5879009A9406 /* UITableViewController+StyleSheet.h */ = {isa = PBXFileReference; fileEncoding = 4; lastKnownFileType = sourcecode.c.h; path = "UITableViewController+StyleSheet.h"; sourceTree = "<group>"; };
		550D3D4918EE5879009A9406 /* UITableViewController+StyleSheet.m */ = {isa = PBXFileReference; fileEncoding = 4; lastKnownFileType = sourcecode.c.objc; path = "UITableViewController+StyleSheet.m"; sourceTree = "<group>"; };
		550D3D5518F1E19F009A9406 /* FISMainTableViewCell.h */ = {isa = PBXFileReference; fileEncoding = 4; lastKnownFileType = sourcecode.c.h; path = FISMainTableViewCell.h; sourceTree = "<group>"; };
		550D3D5618F1E19F009A9406 /* FISMainTableViewCell.m */ = {isa = PBXFileReference; fileEncoding = 4; lastKnownFileType = sourcecode.c.objc; path = FISMainTableViewCell.m; sourceTree = "<group>"; };
		550D3D5818F1E3B6009A9406 /* FISMainViewController.h */ = {isa = PBXFileReference; fileEncoding = 4; lastKnownFileType = sourcecode.c.h; path = FISMainViewController.h; sourceTree = "<group>"; };
		550D3D5918F1E3B6009A9406 /* FISMainViewController.m */ = {isa = PBXFileReference; fileEncoding = 4; lastKnownFileType = sourcecode.c.objc; path = FISMainViewController.m; sourceTree = "<group>"; };
		550D3D5E18F1EB74009A9406 /* UIColorSheet.h */ = {isa = PBXFileReference; fileEncoding = 4; lastKnownFileType = sourcecode.c.h; path = UIColorSheet.h; sourceTree = "<group>"; };
		550D3D5F18F1EB74009A9406 /* UIColorSheet.m */ = {isa = PBXFileReference; fileEncoding = 4; lastKnownFileType = sourcecode.c.objc; path = UIColorSheet.m; sourceTree = "<group>"; };
		550D3D7418F5A7BF009A9406 /* FISStockSearch.h */ = {isa = PBXFileReference; fileEncoding = 4; lastKnownFileType = sourcecode.c.h; path = FISStockSearch.h; sourceTree = "<group>"; };
		550D3D7518F5A7BF009A9406 /* FISStockSearch.m */ = {isa = PBXFileReference; fileEncoding = 4; lastKnownFileType = sourcecode.c.objc; path = FISStockSearch.m; sourceTree = "<group>"; };
		550E6F921A8C114F00028270 /* Reachability.h */ = {isa = PBXFileReference; fileEncoding = 4; lastKnownFileType = sourcecode.c.h; path = Reachability.h; sourceTree = "<group>"; };
		550E6F931A8C114F00028270 /* Reachability.m */ = {isa = PBXFileReference; fileEncoding = 4; lastKnownFileType = sourcecode.c.objc; path = Reachability.m; sourceTree = "<group>"; };
		55186AA01A37D5E700AD80B2 /* cancel_alerts small.png */ = {isa = PBXFileReference; lastKnownFileType = image.png; path = "cancel_alerts small.png"; sourceTree = "<group>"; };
		55186AA21A37DCF300AD80B2 /* un-cancel_alerts small.png */ = {isa = PBXFileReference; lastKnownFileType = image.png; path = "un-cancel_alerts small.png"; sourceTree = "<group>"; };
		552E07791A4E3E92001585A2 /* nav_gradient_blue_title1.png */ = {isa = PBXFileReference; lastKnownFileType = image.png; path = nav_gradient_blue_title1.png; sourceTree = "<group>"; };
		553AAF9A1A5F844B00E7F78D /* PageViewController.h */ = {isa = PBXFileReference; fileEncoding = 4; lastKnownFileType = sourcecode.c.h; path = PageViewController.h; sourceTree = "<group>"; };
		553AAF9B1A5F844B00E7F78D /* PageViewController.m */ = {isa = PBXFileReference; fileEncoding = 4; lastKnownFileType = sourcecode.c.objc; path = PageViewController.m; sourceTree = "<group>"; };
		553B64651A6764AA00263AFD /* QAicon_80x80.png */ = {isa = PBXFileReference; lastKnownFileType = image.png; path = QAicon_80x80.png; sourceTree = "<group>"; };
		553B64661A6764AA00263AFD /* QAicon1_58x58.png */ = {isa = PBXFileReference; lastKnownFileType = image.png; path = QAicon1_58x58.png; sourceTree = "<group>"; };
		553B64671A6764AA00263AFD /* QAicon1_120x120.png */ = {isa = PBXFileReference; lastKnownFileType = image.png; path = QAicon1_120x120.png; sourceTree = "<group>"; };
		553B64681A6764AA00263AFD /* QAicon1_180x180.png */ = {isa = PBXFileReference; lastKnownFileType = image.png; path = QAicon1_180x180.png; sourceTree = "<group>"; };
		553B646D1A68D84100263AFD /* Bolts.framework */ = {isa = PBXFileReference; lastKnownFileType = wrapper.framework; path = Bolts.framework; sourceTree = "<group>"; };
		553B646E1A68D84100263AFD /* Parse.framework */ = {isa = PBXFileReference; lastKnownFileType = wrapper.framework; path = Parse.framework; sourceTree = "<group>"; };
		553B64711A68D89300263AFD /* AudioToolbox.framework */ = {isa = PBXFileReference; lastKnownFileType = wrapper.framework; name = AudioToolbox.framework; path = System/Library/Frameworks/AudioToolbox.framework; sourceTree = SDKROOT; };
		553B64731A68D89D00263AFD /* CFNetwork.framework */ = {isa = PBXFileReference; lastKnownFileType = wrapper.framework; name = CFNetwork.framework; path = System/Library/Frameworks/CFNetwork.framework; sourceTree = SDKROOT; };
		553B64751A68D8AA00263AFD /* CoreLocation.framework */ = {isa = PBXFileReference; lastKnownFileType = wrapper.framework; name = CoreLocation.framework; path = System/Library/Frameworks/CoreLocation.framework; sourceTree = SDKROOT; };
		553B64771A68D8B200263AFD /* MobileCoreServices.framework */ = {isa = PBXFileReference; lastKnownFileType = wrapper.framework; name = MobileCoreServices.framework; path = System/Library/Frameworks/MobileCoreServices.framework; sourceTree = SDKROOT; };
		553B64791A68D8B800263AFD /* QuartzCore.framework */ = {isa = PBXFileReference; lastKnownFileType = wrapper.framework; name = QuartzCore.framework; path = System/Library/Frameworks/QuartzCore.framework; sourceTree = SDKROOT; };
		553B647B1A68D8BF00263AFD /* Security.framework */ = {isa = PBXFileReference; lastKnownFileType = wrapper.framework; name = Security.framework; path = System/Library/Frameworks/Security.framework; sourceTree = SDKROOT; };
		553B647D1A68D8C400263AFD /* StoreKit.framework */ = {isa = PBXFileReference; lastKnownFileType = wrapper.framework; name = StoreKit.framework; path = System/Library/Frameworks/StoreKit.framework; sourceTree = SDKROOT; };
		553B647F1A68D8CC00263AFD /* SystemConfiguration.framework */ = {isa = PBXFileReference; lastKnownFileType = wrapper.framework; name = SystemConfiguration.framework; path = System/Library/Frameworks/SystemConfiguration.framework; sourceTree = SDKROOT; };
		553B64811A68D8D900263AFD /* libz.dylib */ = {isa = PBXFileReference; lastKnownFileType = "compiled.mach-o.dylib"; name = libz.dylib; path = usr/lib/libz.dylib; sourceTree = SDKROOT; };
		553B64831A68D8E500263AFD /* libsqlite3.dylib */ = {isa = PBXFileReference; lastKnownFileType = "compiled.mach-o.dylib"; name = libsqlite3.dylib; path = usr/lib/libsqlite3.dylib; sourceTree = SDKROOT; };
		554CB9791A8B12D1003ADDEE /* tutorialScreen4.png */ = {isa = PBXFileReference; lastKnownFileType = image.png; name = tutorialScreen4.png; path = ../../../qapics/tutorialScreen4.png; sourceTree = "<group>"; };
		554F22991A5C74C500D52D0A /* en */ = {isa = PBXFileReference; lastKnownFileType = file.storyboard; name = en; path = en.lproj/Storyboard.storyboard; sourceTree = "<group>"; };
		5575C71D18E0E6E100ABB124 /* Quote Alert.app */ = {isa = PBXFileReference; explicitFileType = wrapper.application; includeInIndex = 0; path = "Quote Alert.app"; sourceTree = BUILT_PRODUCTS_DIR; };
		5575C72018E0E6E100ABB124 /* Foundation.framework */ = {isa = PBXFileReference; lastKnownFileType = wrapper.framework; name = Foundation.framework; path = System/Library/Frameworks/Foundation.framework; sourceTree = SDKROOT; };
		5575C72218E0E6E100ABB124 /* CoreGraphics.framework */ = {isa = PBXFileReference; lastKnownFileType = wrapper.framework; name = CoreGraphics.framework; path = System/Library/Frameworks/CoreGraphics.framework; sourceTree = SDKROOT; };
		5575C72418E0E6E100ABB124 /* UIKit.framework */ = {isa = PBXFileReference; lastKnownFileType = wrapper.framework; name = UIKit.framework; path = System/Library/Frameworks/UIKit.framework; sourceTree = SDKROOT; };
		5575C72618E0E6E100ABB124 /* CoreData.framework */ = {isa = PBXFileReference; lastKnownFileType = wrapper.framework; name = CoreData.framework; path = System/Library/Frameworks/CoreData.framework; sourceTree = SDKROOT; };
		5575C72A18E0E6E100ABB124 /* Quote Alert-Info.plist */ = {isa = PBXFileReference; lastKnownFileType = text.plist.xml; path = "Quote Alert-Info.plist"; sourceTree = "<group>"; };
		5575C72C18E0E6E100ABB124 /* en */ = {isa = PBXFileReference; lastKnownFileType = text.plist.strings; name = en; path = en.lproj/InfoPlist.strings; sourceTree = "<group>"; };
		5575C72E18E0E6E100ABB124 /* main.m */ = {isa = PBXFileReference; lastKnownFileType = sourcecode.c.objc; path = main.m; sourceTree = "<group>"; };
		5575C73018E0E6E100ABB124 /* Quote Alert-Prefix.pch */ = {isa = PBXFileReference; lastKnownFileType = sourcecode.c.h; path = "Quote Alert-Prefix.pch"; sourceTree = "<group>"; };
		5575C73118E0E6E100ABB124 /* FISAppDelegate.h */ = {isa = PBXFileReference; lastKnownFileType = sourcecode.c.h; path = FISAppDelegate.h; sourceTree = "<group>"; };
		5575C73218E0E6E100ABB124 /* FISAppDelegate.m */ = {isa = PBXFileReference; lastKnownFileType = sourcecode.c.objc; path = FISAppDelegate.m; sourceTree = "<group>"; };
		5575C73518E0E6E100ABB124 /* Quote_Alert.xcdatamodel */ = {isa = PBXFileReference; lastKnownFileType = wrapper.xcdatamodel; path = Quote_Alert.xcdatamodel; sourceTree = "<group>"; };
		5575C73718E0E6E100ABB124 /* Images.xcassets */ = {isa = PBXFileReference; lastKnownFileType = folder.assetcatalog; name = Images.xcassets; path = "Quote Alert/Images.xcassets"; sourceTree = "<group>"; };
		5575C73D18E0E6E100ABB124 /* Quote AlertTests.xctest */ = {isa = PBXFileReference; explicitFileType = wrapper.cfbundle; includeInIndex = 0; path = "Quote AlertTests.xctest"; sourceTree = BUILT_PRODUCTS_DIR; };
		5575C73E18E0E6E100ABB124 /* XCTest.framework */ = {isa = PBXFileReference; lastKnownFileType = wrapper.framework; name = XCTest.framework; path = Library/Frameworks/XCTest.framework; sourceTree = DEVELOPER_DIR; };
		5575C74718E0E6E100ABB124 /* Quote AlertTests-Info.plist */ = {isa = PBXFileReference; lastKnownFileType = text.plist.xml; path = "Quote AlertTests-Info.plist"; sourceTree = "<group>"; };
		5575C74918E0E6E100ABB124 /* en */ = {isa = PBXFileReference; lastKnownFileType = text.plist.strings; name = en; path = en.lproj/InfoPlist.strings; sourceTree = "<group>"; };
		5575C74B18E0E6E100ABB124 /* Quote_AlertTests.m */ = {isa = PBXFileReference; lastKnownFileType = sourcecode.c.objc; path = Quote_AlertTests.m; sourceTree = "<group>"; };
		558172091A4E473C00719567 /* bluenavbar_320x64.png */ = {isa = PBXFileReference; lastKnownFileType = image.png; path = bluenavbar_320x64.png; sourceTree = "<group>"; };
		55912D1718E275180069FEEC /* YahooAPIClient.h */ = {isa = PBXFileReference; fileEncoding = 4; lastKnownFileType = sourcecode.c.h; path = YahooAPIClient.h; sourceTree = "<group>"; };
		55912D1818E275180069FEEC /* YahooAPIClient.m */ = {isa = PBXFileReference; fileEncoding = 4; lastKnownFileType = sourcecode.c.objc; path = YahooAPIClient.m; sourceTree = "<group>"; };
		55912D1E18E3546D0069FEEC /* FISDataStore.h */ = {isa = PBXFileReference; fileEncoding = 4; lastKnownFileType = sourcecode.c.h; name = FISDataStore.h; path = ../FISDataStore.h; sourceTree = "<group>"; };
		55912D1F18E3546D0069FEEC /* FISDataStore.m */ = {isa = PBXFileReference; fileEncoding = 4; lastKnownFileType = sourcecode.c.objc; name = FISDataStore.m; path = ../FISDataStore.m; sourceTree = "<group>"; };
		55912D2118E356A60069FEEC /* Stock+Methods.h */ = {isa = PBXFileReference; fileEncoding = 4; lastKnownFileType = sourcecode.c.h; path = "Stock+Methods.h"; sourceTree = "<group>"; };
		55912D2218E356A60069FEEC /* Stock+Methods.m */ = {isa = PBXFileReference; fileEncoding = 4; lastKnownFileType = sourcecode.c.objc; path = "Stock+Methods.m"; sourceTree = "<group>"; };
		55912D5318E5C01B0069FEEC /* FISStockDetailViewController.h */ = {isa = PBXFileReference; fileEncoding = 4; lastKnownFileType = sourcecode.c.h; path = FISStockDetailViewController.h; sourceTree = "<group>"; };
		55912D5418E5C01B0069FEEC /* FISStockDetailViewController.m */ = {isa = PBXFileReference; fileEncoding = 4; lastKnownFileType = sourcecode.c.objc; path = FISStockDetailViewController.m; sourceTree = "<group>"; };
		55912DA018E9082B0069FEEC /* FISSearchTableViewController.h */ = {isa = PBXFileReference; fileEncoding = 4; lastKnownFileType = sourcecode.c.h; path = FISSearchTableViewController.h; sourceTree = "<group>"; };
		55912DA118E9082B0069FEEC /* FISSearchTableViewController.m */ = {isa = PBXFileReference; fileEncoding = 4; lastKnownFileType = sourcecode.c.objc; path = FISSearchTableViewController.m; sourceTree = "<group>"; };
		55912DA618EB63E10069FEEC /* FISSearchTableViewCell.h */ = {isa = PBXFileReference; fileEncoding = 4; lastKnownFileType = sourcecode.c.h; name = FISSearchTableViewCell.h; path = ../FISSearchTableViewCell.h; sourceTree = "<group>"; };
		55912DA718EB63E20069FEEC /* FISSearchTableViewCell.m */ = {isa = PBXFileReference; fileEncoding = 4; lastKnownFileType = sourcecode.c.objc; name = FISSearchTableViewCell.m; path = ../FISSearchTableViewCell.m; sourceTree = "<group>"; };
		559F4ABC1A60691A00FBCFCF /* DoneButton.png */ = {isa = PBXFileReference; lastKnownFileType = image.png; path = DoneButton.png; sourceTree = "<group>"; };
		559F4ABE1A606DB500FBCFCF /* bluenavbarlight_320x64.png */ = {isa = PBXFileReference; lastKnownFileType = image.png; path = bluenavbarlight_320x64.png; sourceTree = "<group>"; };
		559F4AC41A607C7200FBCFCF /* SetQAbuttonlarge.png */ = {isa = PBXFileReference; lastKnownFileType = image.png; path = SetQAbuttonlarge.png; sourceTree = "<group>"; };
		559F4AC61A607CBA00FBCFCF /* SetQAbutton.png */ = {isa = PBXFileReference; lastKnownFileType = image.png; path = SetQAbutton.png; sourceTree = "<group>"; };
		559F4ACC1A608EF600FBCFCF /* alarmclockbutton_off1.png */ = {isa = PBXFileReference; lastKnownFileType = image.png; path = alarmclockbutton_off1.png; sourceTree = "<group>"; };
		559F4ACD1A608EF600FBCFCF /* alarmclockbutton_on1.png */ = {isa = PBXFileReference; lastKnownFileType = image.png; path = alarmclockbutton_on1.png; sourceTree = "<group>"; };
		559F4AD11A60ABFE00FBCFCF /*  tiny_alarmicon@2x.png */ = {isa = PBXFileReference; lastKnownFileType = image.png; path = " tiny_alarmicon@2x.png"; sourceTree = "<group>"; };
		559F4AD21A60ABFE00FBCFCF /* alarmclockbutton_off1@2x.png */ = {isa = PBXFileReference; lastKnownFileType = image.png; path = "alarmclockbutton_off1@2x.png"; sourceTree = "<group>"; };
		559F4AD31A60ABFE00FBCFCF /* alarmclockbutton_on1@2x.png */ = {isa = PBXFileReference; lastKnownFileType = image.png; path = "alarmclockbutton_on1@2x.png"; sourceTree = "<group>"; };
		559F4AD41A60ABFE00FBCFCF /* donebutton@2x.png */ = {isa = PBXFileReference; lastKnownFileType = image.png; path = "donebutton@2x.png"; sourceTree = "<group>"; };
		559F4AD51A60ABFE00FBCFCF /* SetQAbuttonlarge@2x.png */ = {isa = PBXFileReference; lastKnownFileType = image.png; path = "SetQAbuttonlarge@2x.png"; sourceTree = "<group>"; };
		559F4ADB1A60B10800FBCFCF /* tutorialScreen1.png */ = {isa = PBXFileReference; lastKnownFileType = image.png; path = tutorialScreen1.png; sourceTree = "<group>"; };
		559F4ADC1A60B10800FBCFCF /* tutorialScreen2.png */ = {isa = PBXFileReference; lastKnownFileType = image.png; path = tutorialScreen2.png; sourceTree = "<group>"; };
		559F4ADD1A60B10800FBCFCF /* tutorialScreen3.png */ = {isa = PBXFileReference; lastKnownFileType = image.png; path = tutorialScreen3.png; sourceTree = "<group>"; };
		55CA536E1901B8C2000E2A1E /* searchView.xib */ = {isa = PBXFileReference; fileEncoding = 4; lastKnownFileType = file.xib; path = searchView.xib; sourceTree = "<group>"; };
		55F66ED2190710BF000EFD3B /* Stock.h */ = {isa = PBXFileReference; fileEncoding = 4; lastKnownFileType = sourcecode.c.h; path = Stock.h; sourceTree = "<group>"; };
		55F66ED3190710BF000EFD3B /* Stock.m */ = {isa = PBXFileReference; fileEncoding = 4; lastKnownFileType = sourcecode.c.objc; path = Stock.m; sourceTree = "<group>"; };
		798B8CBA1A60767300483FF6 /* TutorialViewController4.h */ = {isa = PBXFileReference; fileEncoding = 4; lastKnownFileType = sourcecode.c.h; name = TutorialViewController4.h; path = "Quote Alert/TutorialViewController4.h"; sourceTree = "<group>"; };
		798B8CBB1A60767300483FF6 /* TutorialViewController4.m */ = {isa = PBXFileReference; fileEncoding = 4; lastKnownFileType = sourcecode.c.objc; name = TutorialViewController4.m; path = "Quote Alert/TutorialViewController4.m"; sourceTree = "<group>"; };
		79C2AF881A0D4A2200E666E4 /* tiny_alarmicon.png */ = {isa = PBXFileReference; lastKnownFileType = image.png; path = tiny_alarmicon.png; sourceTree = "<group>"; };
		92968B8F8C494D1EAF8A35DD /* libPods.a */ = {isa = PBXFileReference; explicitFileType = archive.ar; includeInIndex = 0; path = libPods.a; sourceTree = BUILT_PRODUCTS_DIR; };
		FF22F24D1847480CA274EE0B /* Pods.xcconfig */ = {isa = PBXFileReference; includeInIndex = 1; lastKnownFileType = text.xcconfig; name = Pods.xcconfig; path = Pods/Pods.xcconfig; sourceTree = "<group>"; };
/* End PBXFileReference section */

/* Begin PBXFrameworksBuildPhase section */
		5575C71A18E0E6E100ABB124 /* Frameworks */ = {
			isa = PBXFrameworksBuildPhase;
			buildActionMask = 2147483647;
			files = (
				553B64841A68D8E500263AFD /* libsqlite3.dylib in Frameworks */,
				553B64821A68D8D900263AFD /* libz.dylib in Frameworks */,
				553B64801A68D8CC00263AFD /* SystemConfiguration.framework in Frameworks */,
				553B647E1A68D8C400263AFD /* StoreKit.framework in Frameworks */,
				553B647C1A68D8BF00263AFD /* Security.framework in Frameworks */,
				553B647A1A68D8B800263AFD /* QuartzCore.framework in Frameworks */,
				553B64781A68D8B200263AFD /* MobileCoreServices.framework in Frameworks */,
				553B64761A68D8AA00263AFD /* CoreLocation.framework in Frameworks */,
				553B64741A68D89D00263AFD /* CFNetwork.framework in Frameworks */,
				553B64721A68D89300263AFD /* AudioToolbox.framework in Frameworks */,
				5575C72318E0E6E100ABB124 /* CoreGraphics.framework in Frameworks */,
				5575C72718E0E6E100ABB124 /* CoreData.framework in Frameworks */,
				5575C72518E0E6E100ABB124 /* UIKit.framework in Frameworks */,
				553B64701A68D84200263AFD /* Parse.framework in Frameworks */,
				553B646F1A68D84100263AFD /* Bolts.framework in Frameworks */,
				5575C72118E0E6E100ABB124 /* Foundation.framework in Frameworks */,
				63DC8204C6874F38BD06C8F4 /* libPods.a in Frameworks */,
			);
			runOnlyForDeploymentPostprocessing = 0;
		};
		5575C73A18E0E6E100ABB124 /* Frameworks */ = {
			isa = PBXFrameworksBuildPhase;
			buildActionMask = 2147483647;
			files = (
				5575C73F18E0E6E100ABB124 /* XCTest.framework in Frameworks */,
				5575C74218E0E6E100ABB124 /* CoreData.framework in Frameworks */,
				5575C74118E0E6E100ABB124 /* UIKit.framework in Frameworks */,
				5575C74018E0E6E100ABB124 /* Foundation.framework in Frameworks */,
			);
			runOnlyForDeploymentPostprocessing = 0;
		};
/* End PBXFrameworksBuildPhase section */

/* Begin PBXGroup section */
		550D3D4718EE580B009A9406 /* Views */ = {
			isa = PBXGroup;
			children = (
				55912DA618EB63E10069FEEC /* FISSearchTableViewCell.h */,
				55912DA718EB63E20069FEEC /* FISSearchTableViewCell.m */,
				550D3D5518F1E19F009A9406 /* FISMainTableViewCell.h */,
				550D3D5618F1E19F009A9406 /* FISMainTableViewCell.m */,
				550D3D5E18F1EB74009A9406 /* UIColorSheet.h */,
				550D3D5F18F1EB74009A9406 /* UIColorSheet.m */,
				554F229A1A5C74C500D52D0A /* Storyboard.storyboard */,
				55828F941A0B20F00054C122 /* images */,
				55CA536E1901B8C2000E2A1E /* searchView.xib */,
			);
			name = Views;
			sourceTree = "<group>";
		};
		5575C71418E0E6E100ABB124 = {
			isa = PBXGroup;
			children = (
				553B646D1A68D84100263AFD /* Bolts.framework */,
				553B646E1A68D84100263AFD /* Parse.framework */,
				5575C72818E0E6E100ABB124 /* Quote Alert */,
				5575C74518E0E6E100ABB124 /* Quote AlertTests */,
				5575C71F18E0E6E100ABB124 /* Frameworks */,
				5575C71E18E0E6E100ABB124 /* Products */,
				FF22F24D1847480CA274EE0B /* Pods.xcconfig */,
			);
			sourceTree = "<group>";
		};
		5575C71E18E0E6E100ABB124 /* Products */ = {
			isa = PBXGroup;
			children = (
				5575C71D18E0E6E100ABB124 /* Quote Alert.app */,
				5575C73D18E0E6E100ABB124 /* Quote AlertTests.xctest */,
			);
			name = Products;
			sourceTree = "<group>";
		};
		5575C71F18E0E6E100ABB124 /* Frameworks */ = {
			isa = PBXGroup;
			children = (
				553B64831A68D8E500263AFD /* libsqlite3.dylib */,
				553B64811A68D8D900263AFD /* libz.dylib */,
				553B647F1A68D8CC00263AFD /* SystemConfiguration.framework */,
				553B647D1A68D8C400263AFD /* StoreKit.framework */,
				553B647B1A68D8BF00263AFD /* Security.framework */,
				553B64791A68D8B800263AFD /* QuartzCore.framework */,
				553B64771A68D8B200263AFD /* MobileCoreServices.framework */,
				553B64751A68D8AA00263AFD /* CoreLocation.framework */,
				553B64731A68D89D00263AFD /* CFNetwork.framework */,
				553B64711A68D89300263AFD /* AudioToolbox.framework */,
				5575C72018E0E6E100ABB124 /* Foundation.framework */,
				5575C72218E0E6E100ABB124 /* CoreGraphics.framework */,
				5575C72418E0E6E100ABB124 /* UIKit.framework */,
				5575C72618E0E6E100ABB124 /* CoreData.framework */,
				5575C73E18E0E6E100ABB124 /* XCTest.framework */,
				92968B8F8C494D1EAF8A35DD /* libPods.a */,
			);
			name = Frameworks;
			sourceTree = "<group>";
		};
		5575C72818E0E6E100ABB124 /* Quote Alert */ = {
			isa = PBXGroup;
			children = (
				5575C73118E0E6E100ABB124 /* FISAppDelegate.h */,
				5575C73218E0E6E100ABB124 /* FISAppDelegate.m */,
				5575C75818E21E0900ABB124 /* Models */,
				550D3D4718EE580B009A9406 /* Views */,
				55912D1D18E353F10069FEEC /* Controllers */,
				5575C72918E0E6E100ABB124 /* Supporting Files */,
			);
			path = "Quote Alert";
			sourceTree = "<group>";
		};
		5575C72918E0E6E100ABB124 /* Supporting Files */ = {
			isa = PBXGroup;
			children = (
				5575C72A18E0E6E100ABB124 /* Quote Alert-Info.plist */,
				5575C72B18E0E6E100ABB124 /* InfoPlist.strings */,
				5575C72E18E0E6E100ABB124 /* main.m */,
				5575C73018E0E6E100ABB124 /* Quote Alert-Prefix.pch */,
			);
			name = "Supporting Files";
			sourceTree = "<group>";
		};
		5575C74518E0E6E100ABB124 /* Quote AlertTests */ = {
			isa = PBXGroup;
			children = (
				5575C74B18E0E6E100ABB124 /* Quote_AlertTests.m */,
				5575C74618E0E6E100ABB124 /* Supporting Files */,
			);
			path = "Quote AlertTests";
			sourceTree = "<group>";
		};
		5575C74618E0E6E100ABB124 /* Supporting Files */ = {
			isa = PBXGroup;
			children = (
				5575C74718E0E6E100ABB124 /* Quote AlertTests-Info.plist */,
				5575C74818E0E6E100ABB124 /* InfoPlist.strings */,
			);
			name = "Supporting Files";
			sourceTree = "<group>";
		};
		5575C75818E21E0900ABB124 /* Models */ = {
			isa = PBXGroup;
			children = (
				55912D1718E275180069FEEC /* YahooAPIClient.h */,
				55912D1818E275180069FEEC /* YahooAPIClient.m */,
				5575C73418E0E6E100ABB124 /* Quote_Alert.xcdatamodeld */,
				55F66ED2190710BF000EFD3B /* Stock.h */,
				55F66ED3190710BF000EFD3B /* Stock.m */,
				55912D2118E356A60069FEEC /* Stock+Methods.h */,
				55912D2218E356A60069FEEC /* Stock+Methods.m */,
				550D3D7418F5A7BF009A9406 /* FISStockSearch.h */,
				550D3D7518F5A7BF009A9406 /* FISStockSearch.m */,
				55912D1E18E3546D0069FEEC /* FISDataStore.h */,
				55912D1F18E3546D0069FEEC /* FISDataStore.m */,
				550E6F921A8C114F00028270 /* Reachability.h */,
				550E6F931A8C114F00028270 /* Reachability.m */,
			);
			name = Models;
			sourceTree = "<group>";
		};
		55828F941A0B20F00054C122 /* images */ = {
			isa = PBXGroup;
			children = (
				559F4ADB1A60B10800FBCFCF /* tutorialScreen1.png */,
				559F4ADC1A60B10800FBCFCF /* tutorialScreen2.png */,
				559F4ADD1A60B10800FBCFCF /* tutorialScreen3.png */,
				554CB9791A8B12D1003ADDEE /* tutorialScreen4.png */,
				55186AA01A37D5E700AD80B2 /* cancel_alerts small.png */,
				55186AA21A37DCF300AD80B2 /* un-cancel_alerts small.png */,
				79C2AF881A0D4A2200E666E4 /* tiny_alarmicon.png */,
				559F4AC41A607C7200FBCFCF /* SetQAbuttonlarge.png */,
				559F4ACC1A608EF600FBCFCF /* alarmclockbutton_off1.png */,
				559F4ACD1A608EF600FBCFCF /* alarmclockbutton_on1.png */,
				552E07791A4E3E92001585A2 /* nav_gradient_blue_title1.png */,
				558172091A4E473C00719567 /* bluenavbar_320x64.png */,
				559F4ABE1A606DB500FBCFCF /* bluenavbarlight_320x64.png */,
				559F4ABC1A60691A00FBCFCF /* DoneButton.png */,
				559F4AC61A607CBA00FBCFCF /* SetQAbutton.png */,
				559F4AD11A60ABFE00FBCFCF /*  tiny_alarmicon@2x.png */,
				559F4AD21A60ABFE00FBCFCF /* alarmclockbutton_off1@2x.png */,
				559F4AD31A60ABFE00FBCFCF /* alarmclockbutton_on1@2x.png */,
				559F4AD41A60ABFE00FBCFCF /* donebutton@2x.png */,
				559F4AD51A60ABFE00FBCFCF /* SetQAbuttonlarge@2x.png */,
				553B64651A6764AA00263AFD /* QAicon_80x80.png */,
				553B64661A6764AA00263AFD /* QAicon1_58x58.png */,
				553B64671A6764AA00263AFD /* QAicon1_120x120.png */,
				553B64681A6764AA00263AFD /* QAicon1_180x180.png */,
			);
			name = images;
			sourceTree = "<group>";
		};
		55912D1D18E353F10069FEEC /* Controllers */ = {
			isa = PBXGroup;
			children = (
				55C33B6E1A5745610048B917 /* Tutorial */,
				5575C73718E0E6E100ABB124 /* Images.xcassets */,
				550D3D5818F1E3B6009A9406 /* FISMainViewController.h */,
				550D3D5918F1E3B6009A9406 /* FISMainViewController.m */,
				55912D5318E5C01B0069FEEC /* FISStockDetailViewController.h */,
				55912D5418E5C01B0069FEEC /* FISStockDetailViewController.m */,
				55912DA018E9082B0069FEEC /* FISSearchTableViewController.h */,
				55912DA118E9082B0069FEEC /* FISSearchTableViewController.m */,
				550D3D4818EE5879009A9406 /* UITableViewController+StyleSheet.h */,
				550D3D4918EE5879009A9406 /* UITableViewController+StyleSheet.m */,
			);
			name = Controllers;
			path = ..;
			sourceTree = "<group>";
		};
		55C33B6E1A5745610048B917 /* Tutorial */ = {
			isa = PBXGroup;
			children = (
				798B8CBA1A60767300483FF6 /* TutorialViewController4.h */,
				798B8CBB1A60767300483FF6 /* TutorialViewController4.m */,
				553AAF9A1A5F844B00E7F78D /* PageViewController.h */,
				553AAF9B1A5F844B00E7F78D /* PageViewController.m */,
			);
			name = Tutorial;
			sourceTree = "<group>";
		};
/* End PBXGroup section */

/* Begin PBXNativeTarget section */
		5575C71C18E0E6E100ABB124 /* Quote Alert */ = {
			isa = PBXNativeTarget;
			buildConfigurationList = 5575C74F18E0E6E100ABB124 /* Build configuration list for PBXNativeTarget "Quote Alert" */;
			buildPhases = (
				28750F957BA44EBB99C7BD72 /* Check Pods Manifest.lock */,
				5575C71918E0E6E100ABB124 /* Sources */,
				5575C71A18E0E6E100ABB124 /* Frameworks */,
				5575C71B18E0E6E100ABB124 /* Resources */,
				C2C8F2ABA6F94F798A8C64CF /* Copy Pods Resources */,
			);
			buildRules = (
			);
			dependencies = (
			);
			name = "Quote Alert";
			productName = "Quote Alert";
			productReference = 5575C71D18E0E6E100ABB124 /* Quote Alert.app */;
			productType = "com.apple.product-type.application";
		};
		5575C73C18E0E6E100ABB124 /* Quote AlertTests */ = {
			isa = PBXNativeTarget;
			buildConfigurationList = 5575C75218E0E6E100ABB124 /* Build configuration list for PBXNativeTarget "Quote AlertTests" */;
			buildPhases = (
				5575C73918E0E6E100ABB124 /* Sources */,
				5575C73A18E0E6E100ABB124 /* Frameworks */,
				5575C73B18E0E6E100ABB124 /* Resources */,
			);
			buildRules = (
			);
			dependencies = (
				5575C74418E0E6E100ABB124 /* PBXTargetDependency */,
			);
			name = "Quote AlertTests";
			productName = "Quote AlertTests";
			productReference = 5575C73D18E0E6E100ABB124 /* Quote AlertTests.xctest */;
			productType = "com.apple.product-type.bundle.unit-test";
		};
/* End PBXNativeTarget section */

/* Begin PBXProject section */
		5575C71518E0E6E100ABB124 /* Project object */ = {
			isa = PBXProject;
			attributes = {
				CLASSPREFIX = FIS;
				LastUpgradeCheck = 0510;
				ORGANIZATIONNAME = "Elizabeth Choy";
				TargetAttributes = {
					5575C71C18E0E6E100ABB124 = {
						DevelopmentTeam = N6UNXACD7P;
						SystemCapabilities = {
							com.apple.BackgroundModes = {
								enabled = 1;
							};
						};
					};
					5575C73C18E0E6E100ABB124 = {
						TestTargetID = 5575C71C18E0E6E100ABB124;
					};
				};
			};
			buildConfigurationList = 5575C71818E0E6E100ABB124 /* Build configuration list for PBXProject "Quote Alert" */;
			compatibilityVersion = "Xcode 3.2";
			developmentRegion = English;
			hasScannedForEncodings = 0;
			knownRegions = (
				en,
			);
			mainGroup = 5575C71418E0E6E100ABB124;
			productRefGroup = 5575C71E18E0E6E100ABB124 /* Products */;
			projectDirPath = "";
			projectRoot = "";
			targets = (
				5575C71C18E0E6E100ABB124 /* Quote Alert */,
				5575C73C18E0E6E100ABB124 /* Quote AlertTests */,
			);
		};
/* End PBXProject section */

/* Begin PBXResourcesBuildPhase section */
		5575C71B18E0E6E100ABB124 /* Resources */ = {
			isa = PBXResourcesBuildPhase;
			buildActionMask = 2147483647;
			files = (
				559F4AC51A607C7200FBCFCF /* SetQAbuttonlarge.png in Resources */,
				55186AA31A37DCF300AD80B2 /* un-cancel_alerts small.png in Resources */,
				55CA536F1901B8C2000E2A1E /* searchView.xib in Resources */,
				5575C72D18E0E6E100ABB124 /* InfoPlist.strings in Resources */,
				5581720A1A4E473C00719567 /* bluenavbar_320x64.png in Resources */,
				559F4AD71A60ABFE00FBCFCF /* alarmclockbutton_off1@2x.png in Resources */,
				559F4AD91A60ABFE00FBCFCF /* donebutton@2x.png in Resources */,
				559F4ABD1A60691A00FBCFCF /* DoneButton.png in Resources */,
				559F4AD81A60ABFE00FBCFCF /* alarmclockbutton_on1@2x.png in Resources */,
				559F4AC71A607CBA00FBCFCF /* SetQAbutton.png in Resources */,
				559F4ABF1A606DB500FBCFCF /* bluenavbarlight_320x64.png in Resources */,
				553B646C1A6764AA00263AFD /* QAicon1_180x180.png in Resources */,
				552E077A1A4E3E92001585A2 /* nav_gradient_blue_title1.png in Resources */,
				5575C73818E0E6E100ABB124 /* Images.xcassets in Resources */,
				554F22981A5C74C500D52D0A /* Storyboard.storyboard in Resources */,
				559F4ACF1A608EF600FBCFCF /* alarmclockbutton_on1.png in Resources */,
				79C2AF891A0D4A2200E666E4 /* tiny_alarmicon.png in Resources */,
				559F4ADA1A60ABFE00FBCFCF /* SetQAbuttonlarge@2x.png in Resources */,
				554CB97A1A8B12D1003ADDEE /* tutorialScreen4.png in Resources */,
				559F4AD61A60ABFE00FBCFCF /*  tiny_alarmicon@2x.png in Resources */,
				553B646A1A6764AA00263AFD /* QAicon1_58x58.png in Resources */,
				559F4AE11A60B10800FBCFCF /* tutorialScreen3.png in Resources */,
				559F4AE01A60B10800FBCFCF /* tutorialScreen2.png in Resources */,
				559F4ADF1A60B10800FBCFCF /* tutorialScreen1.png in Resources */,
				553B646B1A6764AA00263AFD /* QAicon1_120x120.png in Resources */,
				559F4ACE1A608EF600FBCFCF /* alarmclockbutton_off1.png in Resources */,
				55186AA11A37D5E700AD80B2 /* cancel_alerts small.png in Resources */,
				553B64691A6764AA00263AFD /* QAicon_80x80.png in Resources */,
			);
			runOnlyForDeploymentPostprocessing = 0;
		};
		5575C73B18E0E6E100ABB124 /* Resources */ = {
			isa = PBXResourcesBuildPhase;
			buildActionMask = 2147483647;
			files = (
				5575C74A18E0E6E100ABB124 /* InfoPlist.strings in Resources */,
			);
			runOnlyForDeploymentPostprocessing = 0;
		};
/* End PBXResourcesBuildPhase section */

/* Begin PBXShellScriptBuildPhase section */
		28750F957BA44EBB99C7BD72 /* Check Pods Manifest.lock */ = {
			isa = PBXShellScriptBuildPhase;
			buildActionMask = 2147483647;
			files = (
			);
			inputPaths = (
			);
			name = "Check Pods Manifest.lock";
			outputPaths = (
			);
			runOnlyForDeploymentPostprocessing = 0;
			shellPath = /bin/sh;
			shellScript = "diff \"${PODS_ROOT}/../Podfile.lock\" \"${PODS_ROOT}/Manifest.lock\" > /dev/null\nif [[ $? != 0 ]] ; then\n    cat << EOM\nerror: The sandbox is not in sync with the Podfile.lock. Run 'pod install' or update your CocoaPods installation.\nEOM\n    exit 1\nfi\n";
			showEnvVarsInLog = 0;
		};
		C2C8F2ABA6F94F798A8C64CF /* Copy Pods Resources */ = {
			isa = PBXShellScriptBuildPhase;
			buildActionMask = 2147483647;
			files = (
			);
			inputPaths = (
			);
			name = "Copy Pods Resources";
			outputPaths = (
			);
			runOnlyForDeploymentPostprocessing = 0;
			shellPath = /bin/sh;
			shellScript = "\"${SRCROOT}/Pods/Pods-resources.sh\"\n";
			showEnvVarsInLog = 0;
		};
/* End PBXShellScriptBuildPhase section */

/* Begin PBXSourcesBuildPhase section */
		5575C71918E0E6E100ABB124 /* Sources */ = {
			isa = PBXSourcesBuildPhase;
			buildActionMask = 2147483647;
			files = (
				55912DA818EB63E20069FEEC /* FISSearchTableViewCell.m in Sources */,
				55912DA218E9082B0069FEEC /* FISSearchTableViewController.m in Sources */,
				55912D2018E3546D0069FEEC /* FISDataStore.m in Sources */,
				55912D5518E5C01B0069FEEC /* FISStockDetailViewController.m in Sources */,
				798B8CBC1A60767300483FF6 /* TutorialViewController4.m in Sources */,
				55912D1918E275180069FEEC /* YahooAPIClient.m in Sources */,
				5575C73618E0E6E100ABB124 /* Quote_Alert.xcdatamodeld in Sources */,
				55912D2318E356A60069FEEC /* Stock+Methods.m in Sources */,
				5575C72F18E0E6E100ABB124 /* main.m in Sources */,
				550D3D5A18F1E3B6009A9406 /* FISMainViewController.m in Sources */,
				55F66ED4190710BF000EFD3B /* Stock.m in Sources */,
				5575C73318E0E6E100ABB124 /* FISAppDelegate.m in Sources */,
				553AAF9C1A5F844B00E7F78D /* PageViewController.m in Sources */,
				550D3D7618F5A7BF009A9406 /* FISStockSearch.m in Sources */,
				550D3D5718F1E19F009A9406 /* FISMainTableViewCell.m in Sources */,
				550D3D4A18EE5879009A9406 /* UITableViewController+StyleSheet.m in Sources */,
				550E6F941A8C114F00028270 /* Reachability.m in Sources */,
				550D3D6018F1EB74009A9406 /* UIColorSheet.m in Sources */,
			);
			runOnlyForDeploymentPostprocessing = 0;
		};
		5575C73918E0E6E100ABB124 /* Sources */ = {
			isa = PBXSourcesBuildPhase;
			buildActionMask = 2147483647;
			files = (
				5575C74C18E0E6E100ABB124 /* Quote_AlertTests.m in Sources */,
			);
			runOnlyForDeploymentPostprocessing = 0;
		};
/* End PBXSourcesBuildPhase section */

/* Begin PBXTargetDependency section */
		5575C74418E0E6E100ABB124 /* PBXTargetDependency */ = {
			isa = PBXTargetDependency;
			target = 5575C71C18E0E6E100ABB124 /* Quote Alert */;
			targetProxy = 5575C74318E0E6E100ABB124 /* PBXContainerItemProxy */;
		};
/* End PBXTargetDependency section */

/* Begin PBXVariantGroup section */
		554F229A1A5C74C500D52D0A /* Storyboard.storyboard */ = {
			isa = PBXVariantGroup;
			children = (
				554F22991A5C74C500D52D0A /* en */,
			);
			name = Storyboard.storyboard;
			sourceTree = "<group>";
		};
		5575C72B18E0E6E100ABB124 /* InfoPlist.strings */ = {
			isa = PBXVariantGroup;
			children = (
				5575C72C18E0E6E100ABB124 /* en */,
			);
			name = InfoPlist.strings;
			sourceTree = "<group>";
		};
		5575C74818E0E6E100ABB124 /* InfoPlist.strings */ = {
			isa = PBXVariantGroup;
			children = (
				5575C74918E0E6E100ABB124 /* en */,
			);
			name = InfoPlist.strings;
			sourceTree = "<group>";
		};
/* End PBXVariantGroup section */

/* Begin XCBuildConfiguration section */
		5575C74D18E0E6E100ABB124 /* Debug */ = {
			isa = XCBuildConfiguration;
			buildSettings = {
				ALWAYS_SEARCH_USER_PATHS = NO;
				CLANG_CXX_LANGUAGE_STANDARD = "gnu++0x";
				CLANG_CXX_LIBRARY = "libc++";
				CLANG_ENABLE_MODULES = YES;
				CLANG_ENABLE_OBJC_ARC = YES;
				CLANG_WARN_BOOL_CONVERSION = YES;
				CLANG_WARN_CONSTANT_CONVERSION = YES;
				CLANG_WARN_DIRECT_OBJC_ISA_USAGE = YES_ERROR;
				CLANG_WARN_EMPTY_BODY = YES;
				CLANG_WARN_ENUM_CONVERSION = YES;
				CLANG_WARN_INT_CONVERSION = YES;
				CLANG_WARN_OBJC_ROOT_CLASS = YES_ERROR;
				CLANG_WARN__DUPLICATE_METHOD_MATCH = YES;
				CODE_SIGN_IDENTITY = "Apple Development IOS Push Services: com.elizabeth.quotealert";
				"CODE_SIGN_IDENTITY[sdk=iphoneos*]" = "Apple Development IOS Push Services: com.elizabeth.quotealert";
				COPY_PHASE_STRIP = NO;
				GCC_C_LANGUAGE_STANDARD = gnu99;
				GCC_DYNAMIC_NO_PIC = NO;
				GCC_OPTIMIZATION_LEVEL = 0;
				GCC_PREPROCESSOR_DEFINITIONS = (
					"DEBUG=1",
					"$(inherited)",
				);
				GCC_SYMBOLS_PRIVATE_EXTERN = NO;
				GCC_WARN_64_TO_32_BIT_CONVERSION = YES;
				GCC_WARN_ABOUT_RETURN_TYPE = YES_ERROR;
				GCC_WARN_UNDECLARED_SELECTOR = YES;
				GCC_WARN_UNINITIALIZED_AUTOS = YES_AGGRESSIVE;
				GCC_WARN_UNUSED_FUNCTION = YES;
				GCC_WARN_UNUSED_VARIABLE = YES;
				IPHONEOS_DEPLOYMENT_TARGET = 7.1;
				ONLY_ACTIVE_ARCH = YES;
				SDKROOT = iphoneos;
			};
			name = Debug;
		};
		5575C74E18E0E6E100ABB124 /* Release */ = {
			isa = XCBuildConfiguration;
			buildSettings = {
				ALWAYS_SEARCH_USER_PATHS = NO;
				CLANG_CXX_LANGUAGE_STANDARD = "gnu++0x";
				CLANG_CXX_LIBRARY = "libc++";
				CLANG_ENABLE_MODULES = YES;
				CLANG_ENABLE_OBJC_ARC = YES;
				CLANG_WARN_BOOL_CONVERSION = YES;
				CLANG_WARN_CONSTANT_CONVERSION = YES;
				CLANG_WARN_DIRECT_OBJC_ISA_USAGE = YES_ERROR;
				CLANG_WARN_EMPTY_BODY = YES;
				CLANG_WARN_ENUM_CONVERSION = YES;
				CLANG_WARN_INT_CONVERSION = YES;
				CLANG_WARN_OBJC_ROOT_CLASS = YES_ERROR;
				CLANG_WARN__DUPLICATE_METHOD_MATCH = YES;
				CODE_SIGN_IDENTITY = "Apple Development IOS Push Services: com.elizabeth.quotealert";
				"CODE_SIGN_IDENTITY[sdk=iphoneos*]" = "Apple Development IOS Push Services: com.elizabeth.quotealert";
				COPY_PHASE_STRIP = YES;
				ENABLE_NS_ASSERTIONS = NO;
				GCC_C_LANGUAGE_STANDARD = gnu99;
				GCC_WARN_64_TO_32_BIT_CONVERSION = YES;
				GCC_WARN_ABOUT_RETURN_TYPE = YES_ERROR;
				GCC_WARN_UNDECLARED_SELECTOR = YES;
				GCC_WARN_UNINITIALIZED_AUTOS = YES_AGGRESSIVE;
				GCC_WARN_UNUSED_FUNCTION = YES;
				GCC_WARN_UNUSED_VARIABLE = YES;
				IPHONEOS_DEPLOYMENT_TARGET = 7.1;
				SDKROOT = iphoneos;
				VALIDATE_PRODUCT = YES;
			};
			name = Release;
		};
		5575C75018E0E6E100ABB124 /* Debug */ = {
			isa = XCBuildConfiguration;
			baseConfigurationReference = FF22F24D1847480CA274EE0B /* Pods.xcconfig */;
			buildSettings = {
				ASSETCATALOG_COMPILER_APPICON_NAME = AppIcon;
				ASSETCATALOG_COMPILER_LAUNCHIMAGE_NAME = LaunchImage;
				CODE_SIGN_IDENTITY = "iPhone Developer";
				"CODE_SIGN_IDENTITY[sdk=iphoneos*]" = "iPhone Developer";
				FRAMEWORK_SEARCH_PATHS = (
					"$(inherited)",
					"$(PROJECT_DIR)",
				);
				GCC_PRECOMPILE_PREFIX_HEADER = YES;
				GCC_PREFIX_HEADER = "Quote Alert/Quote Alert-Prefix.pch";
				INFOPLIST_FILE = "Quote Alert/Quote Alert-Info.plist";
				OTHER_LDFLAGS = "";
				PRODUCT_NAME = "$(TARGET_NAME)";
				PROVISIONING_PROFILE = "";
				WRAPPER_EXTENSION = app;
			};
			name = Debug;
		};
		5575C75118E0E6E100ABB124 /* Release */ = {
			isa = XCBuildConfiguration;
			baseConfigurationReference = FF22F24D1847480CA274EE0B /* Pods.xcconfig */;
			buildSettings = {
				ASSETCATALOG_COMPILER_APPICON_NAME = AppIcon;
				ASSETCATALOG_COMPILER_LAUNCHIMAGE_NAME = LaunchImage;
				CODE_SIGN_IDENTITY = "iPhone Developer";
				"CODE_SIGN_IDENTITY[sdk=iphoneos*]" = "iPhone Developer";
				FRAMEWORK_SEARCH_PATHS = (
					"$(inherited)",
					"$(PROJECT_DIR)",
				);
				GCC_PRECOMPILE_PREFIX_HEADER = YES;
				GCC_PREFIX_HEADER = "Quote Alert/Quote Alert-Prefix.pch";
				INFOPLIST_FILE = "Quote Alert/Quote Alert-Info.plist";
				OTHER_LDFLAGS = "";
				PRODUCT_NAME = "$(TARGET_NAME)";
				PROVISIONING_PROFILE = "";
				WRAPPER_EXTENSION = app;
			};
			name = Release;
		};
		5575C75318E0E6E100ABB124 /* Debug */ = {
			isa = XCBuildConfiguration;
			buildSettings = {
				BUNDLE_LOADER = "$(BUILT_PRODUCTS_DIR)/Quote Alert.app/Quote Alert";
				FRAMEWORK_SEARCH_PATHS = (
					"$(SDKROOT)/Developer/Library/Frameworks",
					"$(inherited)",
					"$(DEVELOPER_FRAMEWORKS_DIR)",
				);
				GCC_PRECOMPILE_PREFIX_HEADER = YES;
				GCC_PREFIX_HEADER = "Quote Alert/Quote Alert-Prefix.pch";
				GCC_PREPROCESSOR_DEFINITIONS = (
					"DEBUG=1",
					"$(inherited)",
				);
				INFOPLIST_FILE = "Quote AlertTests/Quote AlertTests-Info.plist";
				PRODUCT_NAME = "$(TARGET_NAME)";
				TEST_HOST = "$(BUNDLE_LOADER)";
				WRAPPER_EXTENSION = xctest;
			};
			name = Debug;
		};
		5575C75418E0E6E100ABB124 /* Release */ = {
			isa = XCBuildConfiguration;
			buildSettings = {
				BUNDLE_LOADER = "$(BUILT_PRODUCTS_DIR)/Quote Alert.app/Quote Alert";
				FRAMEWORK_SEARCH_PATHS = (
					"$(SDKROOT)/Developer/Library/Frameworks",
					"$(inherited)",
					"$(DEVELOPER_FRAMEWORKS_DIR)",
				);
				GCC_PRECOMPILE_PREFIX_HEADER = YES;
				GCC_PREFIX_HEADER = "Quote Alert/Quote Alert-Prefix.pch";
				INFOPLIST_FILE = "Quote AlertTests/Quote AlertTests-Info.plist";
				PRODUCT_NAME = "$(TARGET_NAME)";
				TEST_HOST = "$(BUNDLE_LOADER)";
				WRAPPER_EXTENSION = xctest;
			};
			name = Release;
		};
/* End XCBuildConfiguration section */

/* Begin XCConfigurationList section */
		5575C71818E0E6E100ABB124 /* Build configuration list for PBXProject "Quote Alert" */ = {
			isa = XCConfigurationList;
			buildConfigurations = (
				5575C74D18E0E6E100ABB124 /* Debug */,
				5575C74E18E0E6E100ABB124 /* Release */,
			);
			defaultConfigurationIsVisible = 0;
			defaultConfigurationName = Release;
		};
		5575C74F18E0E6E100ABB124 /* Build configuration list for PBXNativeTarget "Quote Alert" */ = {
			isa = XCConfigurationList;
			buildConfigurations = (
				5575C75018E0E6E100ABB124 /* Debug */,
				5575C75118E0E6E100ABB124 /* Release */,
			);
			defaultConfigurationIsVisible = 0;
			defaultConfigurationName = Release;
		};
		5575C75218E0E6E100ABB124 /* Build configuration list for PBXNativeTarget "Quote AlertTests" */ = {
			isa = XCConfigurationList;
			buildConfigurations = (
				5575C75318E0E6E100ABB124 /* Debug */,
				5575C75418E0E6E100ABB124 /* Release */,
			);
			defaultConfigurationIsVisible = 0;
			defaultConfigurationName = Release;
		};
/* End XCConfigurationList section */

/* Begin XCVersionGroup section */
		5575C73418E0E6E100ABB124 /* Quote_Alert.xcdatamodeld */ = {
			isa = XCVersionGroup;
			children = (
				5575C73518E0E6E100ABB124 /* Quote_Alert.xcdatamodel */,
			);
			currentVersion = 5575C73518E0E6E100ABB124 /* Quote_Alert.xcdatamodel */;
			path = Quote_Alert.xcdatamodeld;
			sourceTree = "<group>";
			versionGroupType = wrapper.xcdatamodel;
		};
/* End XCVersionGroup section */
	};
	rootObject = 5575C71518E0E6E100ABB124 /* Project object */;
}
